
Microsoft Visual Studio Solution File, Format Version 12.00
# Visual Studio Version 17
VisualStudioVersion = 17.9.34607.119
MinimumVisualStudioVersion = 10.0.40219.1
Project("{FAE04EC0-301F-11D3-BF4B-00C04F79EFBC}") = "ActN4", "ActN4\ActN4.csproj", "{65D9B16C-FFC8-468A-A48F-269F80B62B07}"
EndProject
Global
	GlobalSection(SolutionConfigurationPlatforms) = preSolution
		Debug|Any CPU = Debug|Any CPU
		Release|Any CPU = Release|Any CPU
	EndGlobalSection
	GlobalSection(ProjectConfigurationPlatforms) = postSolution
		{65D9B16C-FFC8-468A-A48F-269F80B62B07}.Debug|Any CPU.ActiveCfg = Debug|Any CPU
		{65D9B16C-FFC8-468A-A48F-269F80B62B07}.Debug|Any CPU.Build.0 = Debug|Any CPU
		{65D9B16C-FFC8-468A-A48F-269F80B62B07}.Release|Any CPU.ActiveCfg = Release|Any CPU
		{65D9B16C-FFC8-468A-A48F-269F80B62B07}.Release|Any CPU.Build.0 = Release|Any CPU
	EndGlobalSection
	GlobalSection(SolutionProperties) = preSolution
		HideSolutionNode = FALSE
	EndGlobalSection
	GlobalSection(ExtensibilityGlobals) = postSolution
		SolutionGuid = {C4833B4E-75C5-4D62-BD6C-E25B4278C223}
	EndGlobalSection
EndGlobal
