
Microsoft Visual Studio Solution File, Format Version 12.00
# Visual Studio Version 17
VisualStudioVersion = 17.9.34607.119
MinimumVisualStudioVersion = 10.0.40219.1
Project("{FAE04EC0-301F-11D3-BF4B-00C04F79EFBC}") = "ActN1", "ActN1\ActN1.csproj", "{C67AD4CE-AC60-4A54-84C7-7B8516AE5D67}"
EndProject
Global
	GlobalSection(SolutionConfigurationPlatforms) = preSolution
		Debug|Any CPU = Debug|Any CPU
		Release|Any CPU = Release|Any CPU
	EndGlobalSection
	GlobalSection(ProjectConfigurationPlatforms) = postSolution
		{C67AD4CE-AC60-4A54-84C7-7B8516AE5D67}.Debug|Any CPU.ActiveCfg = Debug|Any CPU
		{C67AD4CE-AC60-4A54-84C7-7B8516AE5D67}.Debug|Any CPU.Build.0 = Debug|Any CPU
		{C67AD4CE-AC60-4A54-84C7-7B8516AE5D67}.Release|Any CPU.ActiveCfg = Release|Any CPU
		{C67AD4CE-AC60-4A54-84C7-7B8516AE5D67}.Release|Any CPU.Build.0 = Release|Any CPU
	EndGlobalSection
	GlobalSection(SolutionProperties) = preSolution
		HideSolutionNode = FALSE
	EndGlobalSection
	GlobalSection(ExtensibilityGlobals) = postSolution
		SolutionGuid = {255B87EC-8AA6-4051-B92A-DDAE3E4AF52C}
	EndGlobalSection
EndGlobal
